
Microsoft Visual Studio Solution File, Format Version 12.00
# Visual Studio Version 17
VisualStudioVersion = 17.4.33122.133
MinimumVisualStudioVersion = 10.0.40219.1
Project("{9A19103F-16F7-4668-BE54-9A1E7A4F7556}") = "BlazorPeliculas.Server", "Server\BlazorPeliculas.Server.csproj", "{65CC6B40-FB9D-43DD-8B5C-B50BEC299B1A}"
EndProject
Project("{9A19103F-16F7-4668-BE54-9A1E7A4F7556}") = "BlazorPeliculas.Client", "Client\BlazorPeliculas.Client.csproj", "{973B3770-3339-46C0-8B86-199053DC765A}"
EndProject
Project("{9A19103F-16F7-4668-BE54-9A1E7A4F7556}") = "BlazorPeliculas.Shared", "Shared\BlazorPeliculas.Shared.csproj", "{7E7A03A9-5860-4167-BAC9-A29DBFEF2590}"
EndProject
Global
	GlobalSection(SolutionConfigurationPlatforms) = preSolution
		Debug|Any CPU = Debug|Any CPU
		Release|Any CPU = Release|Any CPU
	EndGlobalSection
	GlobalSection(ProjectConfigurationPlatforms) = postSolution
		{65CC6B40-FB9D-43DD-8B5C-B50BEC299B1A}.Debug|Any CPU.ActiveCfg = Debug|Any CPU
		{65CC6B40-FB9D-43DD-8B5C-B50BEC299B1A}.Debug|Any CPU.Build.0 = Debug|Any CPU
		{65CC6B40-FB9D-43DD-8B5C-B50BEC299B1A}.Release|Any CPU.ActiveCfg = Release|Any CPU
		{65CC6B40-FB9D-43DD-8B5C-B50BEC299B1A}.Release|Any CPU.Build.0 = Release|Any CPU
		{973B3770-3339-46C0-8B86-199053DC765A}.Debug|Any CPU.ActiveCfg = Debug|Any CPU
		{973B3770-3339-46C0-8B86-199053DC765A}.Debug|Any CPU.Build.0 = Debug|Any CPU
		{973B3770-3339-46C0-8B86-199053DC765A}.Release|Any CPU.ActiveCfg = Release|Any CPU
		{973B3770-3339-46C0-8B86-199053DC765A}.Release|Any CPU.Build.0 = Release|Any CPU
		{7E7A03A9-5860-4167-BAC9-A29DBFEF2590}.Debug|Any CPU.ActiveCfg = Debug|Any CPU
		{7E7A03A9-5860-4167-BAC9-A29DBFEF2590}.Debug|Any CPU.Build.0 = Debug|Any CPU
		{7E7A03A9-5860-4167-BAC9-A29DBFEF2590}.Release|Any CPU.ActiveCfg = Release|Any CPU
		{7E7A03A9-5860-4167-BAC9-A29DBFEF2590}.Release|Any CPU.Build.0 = Release|Any CPU
	EndGlobalSection
	GlobalSection(SolutionProperties) = preSolution
		HideSolutionNode = FALSE
	EndGlobalSection
	GlobalSection(ExtensibilityGlobals) = postSolution
		SolutionGuid = {ABBA06F8-7B86-4A3A-9A47-2380C808CE57}
	EndGlobalSection
EndGlobal
