
Microsoft Visual Studio Solution File, Format Version 12.00
# Visual Studio Version 17
VisualStudioVersion = 17.5.33414.496
MinimumVisualStudioVersion = 10.0.40219.1
Project("{FAE04EC0-301F-11D3-BF4B-00C04F79EFBC}") = "BlazorServerIdiomas", "BlazorServerIdiomas.csproj", "{260BE17D-AA38-4E18-8946-9E39A7DD6058}"
EndProject
Global
	GlobalSection(SolutionConfigurationPlatforms) = preSolution
		Debug|Any CPU = Debug|Any CPU
		Release|Any CPU = Release|Any CPU
	EndGlobalSection
	GlobalSection(ProjectConfigurationPlatforms) = postSolution
		{260BE17D-AA38-4E18-8946-9E39A7DD6058}.Debug|Any CPU.ActiveCfg = Debug|Any CPU
		{260BE17D-AA38-4E18-8946-9E39A7DD6058}.Debug|Any CPU.Build.0 = Debug|Any CPU
		{260BE17D-AA38-4E18-8946-9E39A7DD6058}.Release|Any CPU.ActiveCfg = Release|Any CPU
		{260BE17D-AA38-4E18-8946-9E39A7DD6058}.Release|Any CPU.Build.0 = Release|Any CPU
	EndGlobalSection
	GlobalSection(SolutionProperties) = preSolution
		HideSolutionNode = FALSE
	EndGlobalSection
	GlobalSection(ExtensibilityGlobals) = postSolution
		SolutionGuid = {C5E8FC64-3F16-48A2-9929-5DB3E5D5E724}
	EndGlobalSection
EndGlobal
